// !$*UTF8*$!
{
	archiveVersion = 1;
	classes = {
	};
	objectVersion = 50;
	objects = {

/* Begin PBXBuildFile section */
		FE2D2E1D261E6AC100556D1D /* QuestionsViewController.swift in Sources */ = {isa = PBXBuildFile; fileRef = FE2D2E1C261E6AC100556D1D /* QuestionsViewController.swift */; };
		FE2D2E20261E6B0600556D1D /* ResultsViewController.swift in Sources */ = {isa = PBXBuildFile; fileRef = FE2D2E1F261E6B0600556D1D /* ResultsViewController.swift */; };
		FE576936261D030D0062E03C /* AppDelegate.swift in Sources */ = {isa = PBXBuildFile; fileRef = FE576935261D030D0062E03C /* AppDelegate.swift */; };
		FE576938261D030D0062E03C /* SceneDelegate.swift in Sources */ = {isa = PBXBuildFile; fileRef = FE576937261D030D0062E03C /* SceneDelegate.swift */; };
		FE57693A261D030D0062E03C /* IntroductionViewController.swift in Sources */ = {isa = PBXBuildFile; fileRef = FE576939261D030D0062E03C /* IntroductionViewController.swift */; };
		FE57693D261D030D0062E03C /* Main.storyboard in Resources */ = {isa = PBXBuildFile; fileRef = FE57693B261D030D0062E03C /* Main.storyboard */; };
		FE57693F261D03120062E03C /* Assets.xcassets in Resources */ = {isa = PBXBuildFile; fileRef = FE57693E261D03120062E03C /* Assets.xcassets */; };
		FE576942261D03120062E03C /* LaunchScreen.storyboard in Resources */ = {isa = PBXBuildFile; fileRef = FE576940261D03120062E03C /* LaunchScreen.storyboard */; };
		FE576954261E4ACD0062E03C /* Question.swift in Sources */ = {isa = PBXBuildFile; fileRef = FE576953261E4ACD0062E03C /* Question.swift */; };
/* End PBXBuildFile section */

/* Begin PBXFileReference section */
		FE2D2E1C261E6AC100556D1D /* QuestionsViewController.swift */ = {isa = PBXFileReference; lastKnownFileType = sourcecode.swift; path = QuestionsViewController.swift; sourceTree = "<group>"; };
		FE2D2E1F261E6B0600556D1D /* ResultsViewController.swift */ = {isa = PBXFileReference; lastKnownFileType = sourcecode.swift; path = ResultsViewController.swift; sourceTree = "<group>"; };
		FE576932261D030D0062E03C /* WhatYouAnimal.app */ = {isa = PBXFileReference; explicitFileType = wrapper.application; includeInIndex = 0; path = WhatYouAnimal.app; sourceTree = BUILT_PRODUCTS_DIR; };
		FE576935261D030D0062E03C /* AppDelegate.swift */ = {isa = PBXFileReference; lastKnownFileType = sourcecode.swift; path = AppDelegate.swift; sourceTree = "<group>"; };
		FE576937261D030D0062E03C /* SceneDelegate.swift */ = {isa = PBXFileReference; lastKnownFileType = sourcecode.swift; path = SceneDelegate.swift; sourceTree = "<group>"; };
		FE576939261D030D0062E03C /* IntroductionViewController.swift */ = {isa = PBXFileReference; lastKnownFileType = sourcecode.swift; path = IntroductionViewController.swift; sourceTree = "<group>"; };
		FE57693C261D030D0062E03C /* Base */ = {isa = PBXFileReference; lastKnownFileType = file.storyboard; name = Base; path = Base.lproj/Main.storyboard; sourceTree = "<group>"; };
		FE57693E261D03120062E03C /* Assets.xcassets */ = {isa = PBXFileReference; lastKnownFileType = folder.assetcatalog; path = Assets.xcassets; sourceTree = "<group>"; };
		FE576941261D03120062E03C /* Base */ = {isa = PBXFileReference; lastKnownFileType = file.storyboard; name = Base; path = Base.lproj/LaunchScreen.storyboard; sourceTree = "<group>"; };
		FE576943261D03120062E03C /* Info.plist */ = {isa = PBXFileReference; lastKnownFileType = text.plist.xml; path = Info.plist; sourceTree = "<group>"; };
		FE576953261E4ACD0062E03C /* Question.swift */ = {isa = PBXFileReference; lastKnownFileType = sourcecode.swift; path = Question.swift; sourceTree = "<group>"; };
/* End PBXFileReference section */

/* Begin PBXFrameworksBuildPhase section */
		FE57692F261D030D0062E03C /* Frameworks */ = {
			isa = PBXFrameworksBuildPhase;
			buildActionMask = 2147483647;
			files = (
			);
			runOnlyForDeploymentPostprocessing = 0;
		};
/* End PBXFrameworksBuildPhase section */

/* Begin PBXGroup section */
		FE576929261D030D0062E03C = {
			isa = PBXGroup;
			children = (
				FE576934261D030D0062E03C /* WhatYouAnimal */,
				FE576933261D030D0062E03C /* Products */,
			);
			sourceTree = "<group>";
		};
		FE576933261D030D0062E03C /* Products */ = {
			isa = PBXGroup;
			children = (
				FE576932261D030D0062E03C /* WhatYouAnimal.app */,
			);
			name = Products;
			sourceTree = "<group>";
		};
		FE576934261D030D0062E03C /* WhatYouAnimal */ = {
			isa = PBXGroup;
			children = (
				FE57694C261D06310062E03C /* Storyboards */,
				FE57694E261D06890062E03C /* View */,
				FE57694D261D066C0062E03C /* Models */,
				FE57694B261D03A80062E03C /* Supporting */,
				FE57694A261D035E0062E03C /* Resources */,
			);
			path = WhatYouAnimal;
			sourceTree = "<group>";
		};
		FE57694A261D035E0062E03C /* Resources */ = {
			isa = PBXGroup;
			children = (
				FE57693E261D03120062E03C /* Assets.xcassets */,
			);
			path = Resources;
			sourceTree = "<group>";
		};
		FE57694B261D03A80062E03C /* Supporting */ = {
			isa = PBXGroup;
			children = (
				FE576935261D030D0062E03C /* AppDelegate.swift */,
				FE576937261D030D0062E03C /* SceneDelegate.swift */,
				FE576943261D03120062E03C /* Info.plist */,
			);
			path = Supporting;
			sourceTree = "<group>";
		};
		FE57694C261D06310062E03C /* Storyboards */ = {
			isa = PBXGroup;
			children = (
				FE57693B261D030D0062E03C /* Main.storyboard */,
				FE576940261D03120062E03C /* LaunchScreen.storyboard */,
			);
			path = Storyboards;
			sourceTree = "<group>";
		};
		FE57694D261D066C0062E03C /* Models */ = {
			isa = PBXGroup;
			children = (
				FE576953261E4ACD0062E03C /* Question.swift */,
			);
			path = Models;
			sourceTree = "<group>";
		};
		FE57694E261D06890062E03C /* View */ = {
			isa = PBXGroup;
			children = (
				FE576939261D030D0062E03C /* IntroductionViewController.swift */,
				FE2D2E1C261E6AC100556D1D /* QuestionsViewController.swift */,
				FE2D2E1F261E6B0600556D1D /* ResultsViewController.swift */,
			);
			path = View;
			sourceTree = "<group>";
		};
/* End PBXGroup section */

/* Begin PBXNativeTarget section */
		FE576931261D030D0062E03C /* WhatYouAnimal */ = {
			isa = PBXNativeTarget;
			buildConfigurationList = FE576946261D03120062E03C /* Build configuration list for PBXNativeTarget "WhatYouAnimal" */;
			buildPhases = (
				FE57692E261D030D0062E03C /* Sources */,
				FE57692F261D030D0062E03C /* Frameworks */,
				FE576930261D030D0062E03C /* Resources */,
			);
			buildRules = (
			);
			dependencies = (
			);
			name = WhatYouAnimal;
			productName = WhatYouAnimal;
			productReference = FE576932261D030D0062E03C /* WhatYouAnimal.app */;
			productType = "com.apple.product-type.application";
		};
/* End PBXNativeTarget section */

/* Begin PBXProject section */
		FE57692A261D030D0062E03C /* Project object */ = {
			isa = PBXProject;
			attributes = {
				LastSwiftUpdateCheck = 1240;
				LastUpgradeCheck = 1240;
				TargetAttributes = {
					FE576931261D030D0062E03C = {
						CreatedOnToolsVersion = 12.4;
					};
				};
			};
			buildConfigurationList = FE57692D261D030D0062E03C /* Build configuration list for PBXProject "WhatYouAnimal" */;
			compatibilityVersion = "Xcode 9.3";
			developmentRegion = en;
			hasScannedForEncodings = 0;
			knownRegions = (
				en,
				Base,
			);
			mainGroup = FE576929261D030D0062E03C;
			productRefGroup = FE576933261D030D0062E03C /* Products */;
			projectDirPath = "";
			projectRoot = "";
			targets = (
				FE576931261D030D0062E03C /* WhatYouAnimal */,
			);
		};
/* End PBXProject section */

/* Begin PBXResourcesBuildPhase section */
		FE576930261D030D0062E03C /* Resources */ = {
			isa = PBXResourcesBuildPhase;
			buildActionMask = 2147483647;
			files = (
				FE576942261D03120062E03C /* LaunchScreen.storyboard in Resources */,
				FE57693F261D03120062E03C /* Assets.xcassets in Resources */,
				FE57693D261D030D0062E03C /* Main.storyboard in Resources */,
			);
			runOnlyForDeploymentPostprocessing = 0;
		};
/* End PBXResourcesBuildPhase section */

/* Begin PBXSourcesBuildPhase section */
		FE57692E261D030D0062E03C /* Sources */ = {
			isa = PBXSourcesBuildPhase;
			buildActionMask = 2147483647;
			files = (
				FE57693A261D030D0062E03C /* IntroductionViewController.swift in Sources */,
				FE2D2E1D261E6AC100556D1D /* QuestionsViewController.swift in Sources */,
				FE576954261E4ACD0062E03C /* Question.swift in Sources */,
				FE576936261D030D0062E03C /* AppDelegate.swift in Sources */,
				FE576938261D030D0062E03C /* SceneDelegate.swift in Sources */,
				FE2D2E20261E6B0600556D1D /* ResultsViewController.swift in Sources */,
			);
			runOnlyForDeploymentPostprocessing = 0;
		};
/* End PBXSourcesBuildPhase section */

/* Begin PBXVariantGroup section */
		FE57693B261D030D0062E03C /* Main.storyboard */ = {
			isa = PBXVariantGroup;
			children = (
				FE57693C261D030D0062E03C /* Base */,
			);
			name = Main.storyboard;
			sourceTree = "<group>";
		};
		FE576940261D03120062E03C /* LaunchScreen.storyboard */ = {
			isa = PBXVariantGroup;
			children = (
				FE576941261D03120062E03C /* Base */,
			);
			name = LaunchScreen.storyboard;
			sourceTree = "<group>";
		};
/* End PBXVariantGroup section */

/* Begin XCBuildConfiguration section */
		FE576944261D03120062E03C /* Debug */ = {
			isa = XCBuildConfiguration;
			buildSettings = {
				ALWAYS_SEARCH_USER_PATHS = NO;
				CLANG_ANALYZER_NONNULL = YES;
				CLANG_ANALYZER_NUMBER_OBJECT_CONVERSION = YES_AGGRESSIVE;
				CLANG_CXX_LANGUAGE_STANDARD = "gnu++14";
				CLANG_CXX_LIBRARY = "libc++";
				CLANG_ENABLE_MODULES = YES;
				CLANG_ENABLE_OBJC_ARC = YES;
				CLANG_ENABLE_OBJC_WEAK = YES;
				CLANG_WARN_BLOCK_CAPTURE_AUTORELEASING = YES;
				CLANG_WARN_BOOL_CONVERSION = YES;
				CLANG_WARN_COMMA = YES;
				CLANG_WARN_CONSTANT_CONVERSION = YES;
				CLANG_WARN_DEPRECATED_OBJC_IMPLEMENTATIONS = YES;
				CLANG_WARN_DIRECT_OBJC_ISA_USAGE = YES_ERROR;
				CLANG_WARN_DOCUMENTATION_COMMENTS = YES;
				CLANG_WARN_EMPTY_BODY = YES;
				CLANG_WARN_ENUM_CONVERSION = YES;
				CLANG_WARN_INFINITE_RECURSION = YES;
				CLANG_WARN_INT_CONVERSION = YES;
				CLANG_WARN_NON_LITERAL_NULL_CONVERSION = YES;
				CLANG_WARN_OBJC_IMPLICIT_RETAIN_SELF = YES;
				CLANG_WARN_OBJC_LITERAL_CONVERSION = YES;
				CLANG_WARN_OBJC_ROOT_CLASS = YES_ERROR;
				CLANG_WARN_QUOTED_INCLUDE_IN_FRAMEWORK_HEADER = YES;
				CLANG_WARN_RANGE_LOOP_ANALYSIS = YES;
				CLANG_WARN_STRICT_PROTOTYPES = YES;
				CLANG_WARN_SUSPICIOUS_MOVE = YES;
				CLANG_WARN_UNGUARDED_AVAILABILITY = YES_AGGRESSIVE;
				CLANG_WARN_UNREACHABLE_CODE = YES;
				CLANG_WARN__DUPLICATE_METHOD_MATCH = YES;
				COPY_PHASE_STRIP = NO;
				DEBUG_INFORMATION_FORMAT = dwarf;
				ENABLE_STRICT_OBJC_MSGSEND = YES;
				ENABLE_TESTABILITY = YES;
				GCC_C_LANGUAGE_STANDARD = gnu11;
				GCC_DYNAMIC_NO_PIC = NO;
				GCC_NO_COMMON_BLOCKS = YES;
				GCC_OPTIMIZATION_LEVEL = 0;
				GCC_PREPROCESSOR_DEFINITIONS = (
					"DEBUG=1",
					"$(inherited)",
				);
				GCC_WARN_64_TO_32_BIT_CONVERSION = YES;
				GCC_WARN_ABOUT_RETURN_TYPE = YES_ERROR;
				GCC_WARN_UNDECLARED_SELECTOR = YES;
				GCC_WARN_UNINITIALIZED_AUTOS = YES_AGGRESSIVE;
				GCC_WARN_UNUSED_FUNCTION = YES;
				GCC_WARN_UNUSED_VARIABLE = YES;
				IPHONEOS_DEPLOYMENT_TARGET = 14.4;
				MTL_ENABLE_DEBUG_INFO = INCLUDE_SOURCE;
				MTL_FAST_MATH = YES;
				ONLY_ACTIVE_ARCH = YES;
				SDKROOT = iphoneos;
				SWIFT_ACTIVE_COMPILATION_CONDITIONS = DEBUG;
				SWIFT_OPTIMIZATION_LEVEL = "-Onone";
			};
			name = Debug;
		};
		FE576945261D03120062E03C /* Release */ = {
			isa = XCBuildConfiguration;
			buildSettings = {
				ALWAYS_SEARCH_USER_PATHS = NO;
				CLANG_ANALYZER_NONNULL = YES;
				CLANG_ANALYZER_NUMBER_OBJECT_CONVERSION = YES_AGGRESSIVE;
				CLANG_CXX_LANGUAGE_STANDARD = "gnu++14";
				CLANG_CXX_LIBRARY = "libc++";
				CLANG_ENABLE_MODULES = YES;
				CLANG_ENABLE_OBJC_ARC = YES;
				CLANG_ENABLE_OBJC_WEAK = YES;
				CLANG_WARN_BLOCK_CAPTURE_AUTORELEASING = YES;
				CLANG_WARN_BOOL_CONVERSION = YES;
				CLANG_WARN_COMMA = YES;
				CLANG_WARN_CONSTANT_CONVERSION = YES;
				CLANG_WARN_DEPRECATED_OBJC_IMPLEMENTATIONS = YES;
				CLANG_WARN_DIRECT_OBJC_ISA_USAGE = YES_ERROR;
				CLANG_WARN_DOCUMENTATION_COMMENTS = YES;
				CLANG_WARN_EMPTY_BODY = YES;
				CLANG_WARN_ENUM_CONVERSION = YES;
				CLANG_WARN_INFINITE_RECURSION = YES;
				CLANG_WARN_INT_CONVERSION = YES;
				CLANG_WARN_NON_LITERAL_NULL_CONVERSION = YES;
				CLANG_WARN_OBJC_IMPLICIT_RETAIN_SELF = YES;
				CLANG_WARN_OBJC_LITERAL_CONVERSION = YES;
				CLANG_WARN_OBJC_ROOT_CLASS = YES_ERROR;
				CLANG_WARN_QUOTED_INCLUDE_IN_FRAMEWORK_HEADER = YES;
				CLANG_WARN_RANGE_LOOP_ANALYSIS = YES;
				CLANG_WARN_STRICT_PROTOTYPES = YES;
				CLANG_WARN_SUSPICIOUS_MOVE = YES;
				CLANG_WARN_UNGUARDED_AVAILABILITY = YES_AGGRESSIVE;
				CLANG_WARN_UNREACHABLE_CODE = YES;
				CLANG_WARN__DUPLICATE_METHOD_MATCH = YES;
				COPY_PHASE_STRIP = NO;
				DEBUG_INFORMATION_FORMAT = "dwarf-with-dsym";
				ENABLE_NS_ASSERTIONS = NO;
				ENABLE_STRICT_OBJC_MSGSEND = YES;
				GCC_C_LANGUAGE_STANDARD = gnu11;
				GCC_NO_COMMON_BLOCKS = YES;
				GCC_WARN_64_TO_32_BIT_CONVERSION = YES;
				GCC_WARN_ABOUT_RETURN_TYPE = YES_ERROR;
				GCC_WARN_UNDECLARED_SELECTOR = YES;
				GCC_WARN_UNINITIALIZED_AUTOS = YES_AGGRESSIVE;
				GCC_WARN_UNUSED_FUNCTION = YES;
				GCC_WARN_UNUSED_VARIABLE = YES;
				IPHONEOS_DEPLOYMENT_TARGET = 14.4;
				MTL_ENABLE_DEBUG_INFO = NO;
				MTL_FAST_MATH = YES;
				SDKROOT = iphoneos;
				SWIFT_COMPILATION_MODE = wholemodule;
				SWIFT_OPTIMIZATION_LEVEL = "-O";
				VALIDATE_PRODUCT = YES;
			};
			name = Release;
		};
		FE576947261D03120062E03C /* Debug */ = {
			isa = XCBuildConfiguration;
			buildSettings = {
				ASSETCATALOG_COMPILER_APPICON_NAME = AppIcon;
				ASSETCATALOG_COMPILER_GLOBAL_ACCENT_COLOR_NAME = AccentColor;
				CODE_SIGN_STYLE = Automatic;
				DEVELOPMENT_TEAM = ND68BB84B4;
				INFOPLIST_FILE = WhatYouAnimal/Supporting/Info.plist;
				LD_RUNPATH_SEARCH_PATHS = (
					"$(inherited)",
					"@executable_path/Frameworks",
				);
				PRODUCT_BUNDLE_IDENTIFIER = ru.swiftbook.WhatYouAnimal;
				PRODUCT_NAME = "$(TARGET_NAME)";
				SWIFT_VERSION = 5.0;
				TARGETED_DEVICE_FAMILY = "1,2";
			};
			name = Debug;
		};
		FE576948261D03120062E03C /* Release */ = {
			isa = XCBuildConfiguration;
			buildSettings = {
				ASSETCATALOG_COMPILER_APPICON_NAME = AppIcon;
				ASSETCATALOG_COMPILER_GLOBAL_ACCENT_COLOR_NAME = AccentColor;
				CODE_SIGN_STYLE = Automatic;
				DEVELOPMENT_TEAM = ND68BB84B4;
				INFOPLIST_FILE = WhatYouAnimal/Supporting/Info.plist;
				LD_RUNPATH_SEARCH_PATHS = (
					"$(inherited)",
					"@executable_path/Frameworks",
				);
				PRODUCT_BUNDLE_IDENTIFIER = ru.swiftbook.WhatYouAnimal;
				PRODUCT_NAME = "$(TARGET_NAME)";
				SWIFT_VERSION = 5.0;
				TARGETED_DEVICE_FAMILY = "1,2";
			};
			name = Release;
		};
/* End XCBuildConfiguration section */

/* Begin XCConfigurationList section */
		FE57692D261D030D0062E03C /* Build configuration list for PBXProject "WhatYouAnimal" */ = {
			isa = XCConfigurationList;
			buildConfigurations = (
				FE576944261D03120062E03C /* Debug */,
				FE576945261D03120062E03C /* Release */,
			);
			defaultConfigurationIsVisible = 0;
			defaultConfigurationName = Release;
		};
		FE576946261D03120062E03C /* Build configuration list for PBXNativeTarget "WhatYouAnimal" */ = {
			isa = XCConfigurationList;
			buildConfigurations = (
				FE576947261D03120062E03C /* Debug */,
				FE576948261D03120062E03C /* Release */,
			);
			defaultConfigurationIsVisible = 0;
			defaultConfigurationName = Release;
		};
/* End XCConfigurationList section */
	};
	rootObject = FE57692A261D030D0062E03C /* Project object */;
}
